
Microsoft Visual Studio Solution File, Format Version 12.00
# Visual Studio Version 16
VisualStudioVersion = 16.0.29806.167
MinimumVisualStudioVersion = 10.0.40219.1
Project("{F184B08F-C81C-45F6-A57F-5ABD9991F28F}") = "SIM - GLOBAL", "SIM - GLOBAL\SIM - GLOBAL.vbproj", "{57B7DCDB-2284-411A-8F6D-CAFAB410D207}"
EndProject
Project("{F184B08F-C81C-45F6-A57F-5ABD9991F28F}") = "SIM-CITOPATO", "SIM-CITOPATO\SIM-CITOPATO.vbproj", "{BCE171A9-D672-44E4-BF25-096862DEC330}"
EndProject
Project("{F184B08F-C81C-45F6-A57F-5ABD9991F28F}") = "SIM-MARTINEZ", "SIM-MARTINEZ\SIM-MARTINEZ.vbproj", "{0C816D82-B3A3-49B2-BE3F-13F234DDD6F3}"
EndProject
Project("{F184B08F-C81C-45F6-A57F-5ABD9991F28F}") = "ADOSPLAY", "ADOSPLAY\ADOSPLAY.vbproj", "{0671F557-4FD0-47FF-9DD0-0934D431EE4E}"
EndProject
Project("{F184B08F-C81C-45F6-A57F-5ABD9991F28F}") = "SIM-ENDOSCOPIA", "SIM-ENDOSCOPIA\SIM-ENDOSCOPIA.vbproj", "{C91D9247-4753-41BF-94E5-51469924E9C0}"
EndProject
Project("{F184B08F-C81C-45F6-A57F-5ABD9991F28F}") = "SIM - INTEGRA", "SIM - INTEGRA\SIM - INTEGRA.vbproj", "{31AB802F-9C21-4420-8F46-3E1D68EB8A74}"
EndProject
Project("{54435603-DBB4-11D2-8724-00A0C9A8B90C}") = "SETUP SIM ENDOSCOPIA", "SETUP SIM ENDOSCOPIA\SETUP SIM ENDOSCOPIA.vdproj", "{CBF454DB-F717-4D1E-9997-D8294277DE2E}"
EndProject
Project("{F184B08F-C81C-45F6-A57F-5ABD9991F28F}") = "SIM - Sistema Integrado Medico", "SIM - Sistema Integrado Medico\SIM - Sistema Integrado Medico.vbproj", "{B1753A70-D3CB-420A-B726-CC11D7AF33FC}"
EndProject
Project("{F184B08F-C81C-45F6-A57F-5ABD9991F28F}") = "SPV", "SPV\SPV.vbproj", "{AECD2553-C230-4582-883D-740B83C2D881}"
EndProject
Project("{F184B08F-C81C-45F6-A57F-5ABD9991F28F}") = "PEC - App", "PEC - App\PEC - App.vbproj", "{462926F8-1840-4283-A475-B7ACC7C3F9EF}"
EndProject
Project("{F184B08F-C81C-45F6-A57F-5ABD9991F28F}") = "AGORA", "AGORA\AGORA.vbproj", "{41731DE0-381D-40F6-B2C3-AFDD0E3CCB42}"
EndProject
Global
	GlobalSection(SolutionConfigurationPlatforms) = preSolution
		Debug|Any CPU = Debug|Any CPU
		Release|Any CPU = Release|Any CPU
	EndGlobalSection
	GlobalSection(ProjectConfigurationPlatforms) = postSolution
		{57B7DCDB-2284-411A-8F6D-CAFAB410D207}.Debug|Any CPU.ActiveCfg = Debug|Any CPU
		{57B7DCDB-2284-411A-8F6D-CAFAB410D207}.Debug|Any CPU.Build.0 = Debug|Any CPU
		{57B7DCDB-2284-411A-8F6D-CAFAB410D207}.Release|Any CPU.ActiveCfg = Release|Any CPU
		{57B7DCDB-2284-411A-8F6D-CAFAB410D207}.Release|Any CPU.Build.0 = Release|Any CPU
		{BCE171A9-D672-44E4-BF25-096862DEC330}.Debug|Any CPU.ActiveCfg = Debug|Any CPU
		{BCE171A9-D672-44E4-BF25-096862DEC330}.Debug|Any CPU.Build.0 = Debug|Any CPU
		{BCE171A9-D672-44E4-BF25-096862DEC330}.Release|Any CPU.ActiveCfg = Release|Any CPU
		{BCE171A9-D672-44E4-BF25-096862DEC330}.Release|Any CPU.Build.0 = Release|Any CPU
		{0C816D82-B3A3-49B2-BE3F-13F234DDD6F3}.Debug|Any CPU.ActiveCfg = Debug|Any CPU
		{0C816D82-B3A3-49B2-BE3F-13F234DDD6F3}.Debug|Any CPU.Build.0 = Debug|Any CPU
		{0C816D82-B3A3-49B2-BE3F-13F234DDD6F3}.Release|Any CPU.ActiveCfg = Release|Any CPU
		{0C816D82-B3A3-49B2-BE3F-13F234DDD6F3}.Release|Any CPU.Build.0 = Release|Any CPU
		{0671F557-4FD0-47FF-9DD0-0934D431EE4E}.Debug|Any CPU.ActiveCfg = Debug|Any CPU
		{0671F557-4FD0-47FF-9DD0-0934D431EE4E}.Debug|Any CPU.Build.0 = Debug|Any CPU
		{0671F557-4FD0-47FF-9DD0-0934D431EE4E}.Release|Any CPU.ActiveCfg = Release|Any CPU
		{0671F557-4FD0-47FF-9DD0-0934D431EE4E}.Release|Any CPU.Build.0 = Release|Any CPU
		{C91D9247-4753-41BF-94E5-51469924E9C0}.Debug|Any CPU.ActiveCfg = Debug|Any CPU
		{C91D9247-4753-41BF-94E5-51469924E9C0}.Debug|Any CPU.Build.0 = Debug|Any CPU
		{C91D9247-4753-41BF-94E5-51469924E9C0}.Release|Any CPU.ActiveCfg = Release|Any CPU
		{C91D9247-4753-41BF-94E5-51469924E9C0}.Release|Any CPU.Build.0 = Release|Any CPU
		{31AB802F-9C21-4420-8F46-3E1D68EB8A74}.Debug|Any CPU.ActiveCfg = Debug|Any CPU
		{31AB802F-9C21-4420-8F46-3E1D68EB8A74}.Debug|Any CPU.Build.0 = Debug|Any CPU
		{31AB802F-9C21-4420-8F46-3E1D68EB8A74}.Release|Any CPU.ActiveCfg = Release|Any CPU
		{31AB802F-9C21-4420-8F46-3E1D68EB8A74}.Release|Any CPU.Build.0 = Release|Any CPU
		{CBF454DB-F717-4D1E-9997-D8294277DE2E}.Debug|Any CPU.ActiveCfg = Debug
		{CBF454DB-F717-4D1E-9997-D8294277DE2E}.Release|Any CPU.ActiveCfg = Release
		{B1753A70-D3CB-420A-B726-CC11D7AF33FC}.Debug|Any CPU.ActiveCfg = Debug|Any CPU
		{B1753A70-D3CB-420A-B726-CC11D7AF33FC}.Debug|Any CPU.Build.0 = Debug|Any CPU
		{B1753A70-D3CB-420A-B726-CC11D7AF33FC}.Release|Any CPU.ActiveCfg = Release|Any CPU
		{B1753A70-D3CB-420A-B726-CC11D7AF33FC}.Release|Any CPU.Build.0 = Release|Any CPU
		{AECD2553-C230-4582-883D-740B83C2D881}.Debug|Any CPU.ActiveCfg = Debug|Any CPU
		{AECD2553-C230-4582-883D-740B83C2D881}.Debug|Any CPU.Build.0 = Debug|Any CPU
		{AECD2553-C230-4582-883D-740B83C2D881}.Release|Any CPU.ActiveCfg = Release|Any CPU
		{AECD2553-C230-4582-883D-740B83C2D881}.Release|Any CPU.Build.0 = Release|Any CPU
		{462926F8-1840-4283-A475-B7ACC7C3F9EF}.Debug|Any CPU.ActiveCfg = Debug|Any CPU
		{462926F8-1840-4283-A475-B7ACC7C3F9EF}.Debug|Any CPU.Build.0 = Debug|Any CPU
		{462926F8-1840-4283-A475-B7ACC7C3F9EF}.Release|Any CPU.ActiveCfg = Release|Any CPU
		{462926F8-1840-4283-A475-B7ACC7C3F9EF}.Release|Any CPU.Build.0 = Release|Any CPU
		{41731DE0-381D-40F6-B2C3-AFDD0E3CCB42}.Debug|Any CPU.ActiveCfg = Debug|Any CPU
		{41731DE0-381D-40F6-B2C3-AFDD0E3CCB42}.Debug|Any CPU.Build.0 = Debug|Any CPU
		{41731DE0-381D-40F6-B2C3-AFDD0E3CCB42}.Release|Any CPU.ActiveCfg = Release|Any CPU
		{41731DE0-381D-40F6-B2C3-AFDD0E3CCB42}.Release|Any CPU.Build.0 = Release|Any CPU
	EndGlobalSection
	GlobalSection(SolutionProperties) = preSolution
		HideSolutionNode = FALSE
	EndGlobalSection
	GlobalSection(ExtensibilityGlobals) = postSolution
		SolutionGuid = {4FAE9463-8302-4B21-ACCC-6CC7AE3FE8AD}
	EndGlobalSection
EndGlobal
